// !$*UTF8*$!
{
	archiveVersion = 1;
	classes = {
	};
	objectVersion = 46;
	objects = {

/* Begin PBXBuildFile section */
		B202FC6415EA2AD7002FF7BA /* DocumentationList.m in Sources */ = {isa = PBXBuildFile; fileRef = B202FC6315EA2AD7002FF7BA /* DocumentationList.m */; };
		B208D11316F1AEF500FF0700 /* skybox_back.pvrtc in Resources */ = {isa = PBXBuildFile; fileRef = B208D10D16F1AEF500FF0700 /* skybox_back.pvrtc */; };
		B208D11416F1AEF500FF0700 /* skybox_down.pvrtc in Resources */ = {isa = PBXBuildFile; fileRef = B208D10E16F1AEF500FF0700 /* skybox_down.pvrtc */; };
		B208D11516F1AEF500FF0700 /* skybox_front.pvrtc in Resources */ = {isa = PBXBuildFile; fileRef = B208D10F16F1AEF500FF0700 /* skybox_front.pvrtc */; };
		B208D11616F1AEF500FF0700 /* skybox_left.pvrtc in Resources */ = {isa = PBXBuildFile; fileRef = B208D11016F1AEF500FF0700 /* skybox_left.pvrtc */; };
		B208D11716F1AEF500FF0700 /* skybox_right.pvrtc in Resources */ = {isa = PBXBuildFile; fileRef = B208D11116F1AEF500FF0700 /* skybox_right.pvrtc */; };
		B208D11816F1AEF500FF0700 /* skybox_top.pvrtc in Resources */ = {isa = PBXBuildFile; fileRef = B208D11216F1AEF500FF0700 /* skybox_top.pvrtc */; };
		B2124CEB15E3556000335F6F /* devoptions.txt in Resources */ = {isa = PBXBuildFile; fileRef = B2124CEA15E3556000335F6F /* devoptions.txt */; };
		B2124CEE15E35AF800335F6F /* llama04.jpg in Resources */ = {isa = PBXBuildFile; fileRef = B2124CED15E35AF800335F6F /* llama04.jpg */; };
		B2124CF115E35C8D00335F6F /* llama04.mtl in Resources */ = {isa = PBXBuildFile; fileRef = B2124CEF15E35C8D00335F6F /* llama04.mtl */; };
		B2124CF215E35C8D00335F6F /* llama04.obj in Resources */ = {isa = PBXBuildFile; fileRef = B2124CF015E35C8D00335F6F /* llama04.obj */; };
		B2142EA716DA241E00BB0DC0 /* map20130224.mtl in Resources */ = {isa = PBXBuildFile; fileRef = B2142EA416DA241E00BB0DC0 /* map20130224.mtl */; };
		B2142EA816DA241E00BB0DC0 /* map20130224.obj in Resources */ = {isa = PBXBuildFile; fileRef = B2142EA516DA241E00BB0DC0 /* map20130224.obj */; };
		B2142EA916DA241E00BB0DC0 /* map20130224.txt in Resources */ = {isa = PBXBuildFile; fileRef = B2142EA616DA241E00BB0DC0 /* map20130224.txt */; };
		B2144E8716E0788E007F6523 /* tree_mm2.mtl in Resources */ = {isa = PBXBuildFile; fileRef = B2144E8516E0788E007F6523 /* tree_mm2.mtl */; };
		B2144E8816E0788E007F6523 /* tree_mm2.obj in Resources */ = {isa = PBXBuildFile; fileRef = B2144E8616E0788E007F6523 /* tree_mm2.obj */; };
		B21F85E616D787E70060C1F8 /* LSObject3DFragment.m in Sources */ = {isa = PBXBuildFile; fileRef = B21F85E516D787E60060C1F8 /* LSObject3DFragment.m */; };
		B221365716B94D1A00BC9A56 /* map20130128.mtl in Resources */ = {isa = PBXBuildFile; fileRef = B221365516B94D1A00BC9A56 /* map20130128.mtl */; };
		B221365816B94D1A00BC9A56 /* map20130128.obj in Resources */ = {isa = PBXBuildFile; fileRef = B221365616B94D1A00BC9A56 /* map20130128.obj */; };
		B221366A16B94D3000BC9A56 /* deco-house-6-02.jpg in Resources */ = {isa = PBXBuildFile; fileRef = B221365916B94D3000BC9A56 /* deco-house-6-02.jpg */; };
		B221366B16B94D3000BC9A56 /* ground.bump.jpg in Resources */ = {isa = PBXBuildFile; fileRef = B221365A16B94D3000BC9A56 /* ground.bump.jpg */; };
		B221366C16B94D3000BC9A56 /* roof01.jpg in Resources */ = {isa = PBXBuildFile; fileRef = B221365B16B94D3000BC9A56 /* roof01.jpg */; };
		B221366D16B94D3000BC9A56 /* seal-stone-ao.jpg in Resources */ = {isa = PBXBuildFile; fileRef = B221365C16B94D3000BC9A56 /* seal-stone-ao.jpg */; };
		B221366E16B94D3000BC9A56 /* seal-stone.jpg in Resources */ = {isa = PBXBuildFile; fileRef = B221365D16B94D3000BC9A56 /* seal-stone.jpg */; };
		B221366F16B94D3000BC9A56 /* stone-wall.jpg in Resources */ = {isa = PBXBuildFile; fileRef = B221365E16B94D3000BC9A56 /* stone-wall.jpg */; };
		B221367016B94D3000BC9A56 /* z_big-house.jpg in Resources */ = {isa = PBXBuildFile; fileRef = B221365F16B94D3000BC9A56 /* z_big-house.jpg */; };
		B221367116B94D3000BC9A56 /* z_deco_house_5.jpg in Resources */ = {isa = PBXBuildFile; fileRef = B221366016B94D3000BC9A56 /* z_deco_house_5.jpg */; };
		B221367216B94D3000BC9A56 /* z_deco-house-6.jpg in Resources */ = {isa = PBXBuildFile; fileRef = B221366116B94D3000BC9A56 /* z_deco-house-6.jpg */; };
		B221367316B94D3000BC9A56 /* z_owl_tree.jpg in Resources */ = {isa = PBXBuildFile; fileRef = B221366216B94D3000BC9A56 /* z_owl_tree.jpg */; };
		B221367416B94D3000BC9A56 /* z_panda-house.jpg in Resources */ = {isa = PBXBuildFile; fileRef = B221366316B94D3000BC9A56 /* z_panda-house.jpg */; };
		B221367516B94D3000BC9A56 /* z_panda-stool_0122.png in Resources */ = {isa = PBXBuildFile; fileRef = B221366416B94D3000BC9A56 /* z_panda-stool_0122.png */; };
		B221367616B94D3000BC9A56 /* z_panda-wall.jpg in Resources */ = {isa = PBXBuildFile; fileRef = B221366516B94D3000BC9A56 /* z_panda-wall.jpg */; };
		B221367716B94D3000BC9A56 /* z_tree_0122.png in Resources */ = {isa = PBXBuildFile; fileRef = B221366616B94D3000BC9A56 /* z_tree_0122.png */; };
		B221367816B94D3000BC9A56 /* z-deco-house-7.jpg in Resources */ = {isa = PBXBuildFile; fileRef = B221366716B94D3000BC9A56 /* z-deco-house-7.jpg */; };
		B221367916B94D3000BC9A56 /* z-deco-house-9.jpg in Resources */ = {isa = PBXBuildFile; fileRef = B221366816B94D3000BC9A56 /* z-deco-house-9.jpg */; };
		B221367A16B94D3000BC9A56 /* z-goats-house-002.jpg in Resources */ = {isa = PBXBuildFile; fileRef = B221366916B94D3000BC9A56 /* z-goats-house-002.jpg */; };
		B221367C16B94E2A00BC9A56 /* map20130128.txt in Resources */ = {isa = PBXBuildFile; fileRef = B221367B16B94E2A00BC9A56 /* map20130128.txt */; };
		B229BE0E16F070210095BEF3 /* ground.pvrtc in Resources */ = {isa = PBXBuildFile; fileRef = B229BE0D16F070210095BEF3 /* ground.pvrtc */; };
		B232A21F15AD31F700E370E8 /* LSContext3D.m in Sources */ = {isa = PBXBuildFile; fileRef = B232A21515AD31F700E370E8 /* LSContext3D.m */; };
		B232A22015AD31F700E370E8 /* LSModel3D.m in Sources */ = {isa = PBXBuildFile; fileRef = B232A21715AD31F700E370E8 /* LSModel3D.m */; };
		B232A22115AD31F700E370E8 /* LSObject3D.m in Sources */ = {isa = PBXBuildFile; fileRef = B232A21915AD31F700E370E8 /* LSObject3D.m */; };
		B232A22315AD31F700E370E8 /* LSViewController3D.m in Sources */ = {isa = PBXBuildFile; fileRef = B232A21C15AD31F700E370E8 /* LSViewController3D.m */; };
		B232A22A15AD31FF00E370E8 /* base.png in Resources */ = {isa = PBXBuildFile; fileRef = B232A22515AD31FF00E370E8 /* base.png */; };
		B232A22B15AD31FF00E370E8 /* car008.png in Resources */ = {isa = PBXBuildFile; fileRef = B232A22615AD31FF00E370E8 /* car008.png */; };
		B232A22C15AD31FF00E370E8 /* car009.png in Resources */ = {isa = PBXBuildFile; fileRef = B232A22715AD31FF00E370E8 /* car009.png */; };
		B232A22D15AD31FF00E370E8 /* car010.png in Resources */ = {isa = PBXBuildFile; fileRef = B232A22815AD31FF00E370E8 /* car010.png */; };
		B232A22E15AD31FF00E370E8 /* grass.png in Resources */ = {isa = PBXBuildFile; fileRef = B232A22915AD31FF00E370E8 /* grass.png */; };
		B23696C316D611190014E2B0 /* LSProgram3D.m in Sources */ = {isa = PBXBuildFile; fileRef = B23696C216D611190014E2B0 /* LSProgram3D.m */; };
		B23696C616D6120B0014E2B0 /* LSProgram3DAttributes.m in Sources */ = {isa = PBXBuildFile; fileRef = B23696C516D6120B0014E2B0 /* LSProgram3DAttributes.m */; };
		B23893F615BB8B2D00FC0282 /* LSObject3DConf.m in Sources */ = {isa = PBXBuildFile; fileRef = B23893F515BB8B2D00FC0282 /* LSObject3DConf.m */; };
		B2424E6D15C7A987007F5131 /* LSModel3DSourceOBJ.m in Sources */ = {isa = PBXBuildFile; fileRef = B2424E6C15C7A987007F5131 /* LSModel3DSourceOBJ.m */; };
		B24409F815D33F840071CE38 /* forest144.mtl in Resources */ = {isa = PBXBuildFile; fileRef = B24409F515D33F840071CE38 /* forest144.mtl */; };
		B24409F915D33F840071CE38 /* forest144.obj in Resources */ = {isa = PBXBuildFile; fileRef = B24409F615D33F840071CE38 /* forest144.obj */; };
		B24409FD15D341AA0071CE38 /* ball.mtl in Resources */ = {isa = PBXBuildFile; fileRef = B24409FB15D341AA0071CE38 /* ball.mtl */; };
		B24409FE15D341AA0071CE38 /* ball.obj in Resources */ = {isa = PBXBuildFile; fileRef = B24409FC15D341AA0071CE38 /* ball.obj */; };
		B2440A0315D345240071CE38 /* forest288.mtl in Resources */ = {isa = PBXBuildFile; fileRef = B24409FF15D345240071CE38 /* forest288.mtl */; };
		B2440A0415D345240071CE38 /* forest288.obj in Resources */ = {isa = PBXBuildFile; fileRef = B2440A0015D345240071CE38 /* forest288.obj */; };
		B2440A0515D345240071CE38 /* tree.mtl in Resources */ = {isa = PBXBuildFile; fileRef = B2440A0115D345240071CE38 /* tree.mtl */; };
		B2440A0615D345240071CE38 /* tree.obj in Resources */ = {isa = PBXBuildFile; fileRef = B2440A0215D345240071CE38 /* tree.obj */; };
		B2440A0915D3482F0071CE38 /* tree_pretty.mtl in Resources */ = {isa = PBXBuildFile; fileRef = B2440A0715D3482F0071CE38 /* tree_pretty.mtl */; };
		B2440A0A15D3482F0071CE38 /* tree_pretty.obj in Resources */ = {isa = PBXBuildFile; fileRef = B2440A0815D3482F0071CE38 /* tree_pretty.obj */; };
		B2467FEF16E1BDB900637667 /* tree_mm1.mtl in Resources */ = {isa = PBXBuildFile; fileRef = B2467FED16E1BDB900637667 /* tree_mm1.mtl */; };
		B2467FF016E1BDB900637667 /* tree_mm1.obj in Resources */ = {isa = PBXBuildFile; fileRef = B2467FEE16E1BDB900637667 /* tree_mm1.obj */; };
		B249960316EF0B8600831523 /* NSExtensions.m in Sources */ = {isa = PBXBuildFile; fileRef = B249960216EF0B8500831523 /* NSExtensions.m */; };
		B249960416EF0C9700831523 /* Skybox.fsh in Resources */ = {isa = PBXBuildFile; fileRef = B24995FA16EF07E700831523 /* Skybox.fsh */; };
		B249960516EF0C9700831523 /* Skybox.vsh in Resources */ = {isa = PBXBuildFile; fileRef = B24995FB16EF07E700831523 /* Skybox.vsh */; };
		B249960C16EF124100831523 /* skybox_back.png in Resources */ = {isa = PBXBuildFile; fileRef = B249960616EF124100831523 /* skybox_back.png */; };
		B249960D16EF124100831523 /* skybox_down.png in Resources */ = {isa = PBXBuildFile; fileRef = B249960716EF124100831523 /* skybox_down.png */; };
		B249960E16EF124100831523 /* skybox_front.png in Resources */ = {isa = PBXBuildFile; fileRef = B249960816EF124100831523 /* skybox_front.png */; };
		B249960F16EF124100831523 /* skybox_left.png in Resources */ = {isa = PBXBuildFile; fileRef = B249960916EF124100831523 /* skybox_left.png */; };
		B249961016EF124100831523 /* skybox_right.png in Resources */ = {isa = PBXBuildFile; fileRef = B249960A16EF124100831523 /* skybox_right.png */; };
		B249961116EF124100831523 /* skybox_top.png in Resources */ = {isa = PBXBuildFile; fileRef = B249960B16EF124100831523 /* skybox_top.png */; };
		B24C7C7616D8829B00144542 /* Default-568h@2x.png in Resources */ = {isa = PBXBuildFile; fileRef = B24C7C7316D8829B00144542 /* Default-568h@2x.png */; };
		B24C7C7716D8829B00144542 /* Default.png in Resources */ = {isa = PBXBuildFile; fileRef = B24C7C7416D8829B00144542 /* Default.png */; };
		B24C7C7816D8829B00144542 /* Default@2x.png in Resources */ = {isa = PBXBuildFile; fileRef = B24C7C7516D8829B00144542 /* Default@2x.png */; };
		B250AEF716BE5BB400506C63 /* LSBuffer3D.m in Sources */ = {isa = PBXBuildFile; fileRef = B250AEF616BE5BB400506C63 /* LSBuffer3D.m */; };
		B253AC7615AE6137005CCA0D /* LSModel3DConf.m in Sources */ = {isa = PBXBuildFile; fileRef = B253AC7515AE6137005CCA0D /* LSModel3DConf.m */; };
		B253AC7915AE6BC2005CCA0D /* wheel.txt in Resources */ = {isa = PBXBuildFile; fileRef = B253AC7815AE6BC2005CCA0D /* wheel.txt */; };
		B257936915AEB89C00AE17EA /* Icon-72.png in Resources */ = {isa = PBXBuildFile; fileRef = B257936115AEB89B00AE17EA /* Icon-72.png */; };
		B257936A15AEB89C00AE17EA /* Icon-72@2x.png in Resources */ = {isa = PBXBuildFile; fileRef = B257936215AEB89B00AE17EA /* Icon-72@2x.png */; };
		B257936B15AEB89C00AE17EA /* Icon-Small-50.png in Resources */ = {isa = PBXBuildFile; fileRef = B257936315AEB89B00AE17EA /* Icon-Small-50.png */; };
		B257936C15AEB89C00AE17EA /* Icon-Small.png in Resources */ = {isa = PBXBuildFile; fileRef = B257936415AEB89B00AE17EA /* Icon-Small.png */; };
		B257936D15AEB89C00AE17EA /* Icon-Small@2x.png in Resources */ = {isa = PBXBuildFile; fileRef = B257936515AEB89B00AE17EA /* Icon-Small@2x.png */; };
		B257936E15AEB89C00AE17EA /* Icon.png in Resources */ = {isa = PBXBuildFile; fileRef = B257936615AEB89B00AE17EA /* Icon.png */; };
		B257936F15AEB89C00AE17EA /* Icon@2x.png in Resources */ = {isa = PBXBuildFile; fileRef = B257936715AEB89B00AE17EA /* Icon@2x.png */; };
		B257937015AEB89C00AE17EA /* iTunesArtwork in Resources */ = {isa = PBXBuildFile; fileRef = B257936815AEB89B00AE17EA /* iTunesArtwork */; };
		B26DE9CB16E4B424003AAD72 /* ground.normal.jpg in Resources */ = {isa = PBXBuildFile; fileRef = B26DE9CA16E4B424003AAD72 /* ground.normal.jpg */; };
		B2BBE36415C24FEF000A12BC /* LSAnimation3D.m in Sources */ = {isa = PBXBuildFile; fileRef = B2BBE36315C24FEF000A12BC /* LSAnimation3D.m */; };
		B2CB6F2715E74AAD00A0BA08 /* Shadow.fsh in Resources */ = {isa = PBXBuildFile; fileRef = B2CB6F2215E747B000A0BA08 /* Shadow.fsh */; };
		B2CB6F2815E74AAD00A0BA08 /* Shadow.vsh in Resources */ = {isa = PBXBuildFile; fileRef = B2CB6F2315E747B000A0BA08 /* Shadow.vsh */; };
		B2D7B30015AFE53D0046EF24 /* map20120712.txt in Resources */ = {isa = PBXBuildFile; fileRef = B2D7B2FF15AFE53D0046EF24 /* map20120712.txt */; };
		B2D96B731ED00E4400CDAC4D /* Storyboard.storyboard in Resources */ = {isa = PBXBuildFile; fileRef = B2D96B721ED00E4400CDAC4D /* Storyboard.storyboard */; };
		B2D96B751ED0123600CDAC4D /* Launch.storyboard in Resources */ = {isa = PBXBuildFile; fileRef = B2D96B741ED0123600CDAC4D /* Launch.storyboard */; };
		B2D973EE15E65235003154B7 /* forest144.txt in Resources */ = {isa = PBXBuildFile; fileRef = B2D973ED15E65235003154B7 /* forest144.txt */; };
		B2D9908A15B8F17C0007C6CA /* LSView3D.m in Sources */ = {isa = PBXBuildFile; fileRef = B2D9908915B8F17C0007C6CA /* LSView3D.m */; };
		B2D9911515B921D00007C6CA /* Render.fsh in Resources */ = {isa = PBXBuildFile; fileRef = B2D990FD15B9217F0007C6CA /* Render.fsh */; };
		B2D9911615B921D00007C6CA /* Render.vsh in Resources */ = {isa = PBXBuildFile; fileRef = B2D990FE15B9217F0007C6CA /* Render.vsh */; };
		B2DAE55615CF72870019AA54 /* map20120712.mtl in Resources */ = {isa = PBXBuildFile; fileRef = B2DAE55215CF72870019AA54 /* map20120712.mtl */; };
		B2DAE55715CF72870019AA54 /* map20120712.obj in Resources */ = {isa = PBXBuildFile; fileRef = B2DAE55315CF72870019AA54 /* map20120712.obj */; };
		B2DAE55815CF72870019AA54 /* giraffe.mtl in Resources */ = {isa = PBXBuildFile; fileRef = B2DAE55415CF72870019AA54 /* giraffe.mtl */; };
		B2DAE55915CF72870019AA54 /* giraffe.obj in Resources */ = {isa = PBXBuildFile; fileRef = B2DAE55515CF72870019AA54 /* giraffe.obj */; };
		B2DAE55D15CF7B190019AA54 /* wheel.mtl in Resources */ = {isa = PBXBuildFile; fileRef = B2DAE55B15CF7B190019AA54 /* wheel.mtl */; };
		B2DAE55E15CF7B190019AA54 /* wheel.obj in Resources */ = {isa = PBXBuildFile; fileRef = B2DAE55C15CF7B190019AA54 /* wheel.obj */; };
		B2DAE56015CF7B3D0019AA54 /* giraffe.txt in Resources */ = {isa = PBXBuildFile; fileRef = B2DAE55F15CF7B3D0019AA54 /* giraffe.txt */; };
		B2DAE56F15CFB8C90019AA54 /* tree2.png in Resources */ = {isa = PBXBuildFile; fileRef = B2DAE56E15CFB8C90019AA54 /* tree2.png */; };
		B2DE467515D4A0F5008FE38D /* CoreMotion.framework in Frameworks */ = {isa = PBXBuildFile; fileRef = B2DE467215D4A0E8008FE38D /* CoreMotion.framework */; };
		B2DE467F15D4D1DB008FE38D /* AppDelegate.m in Sources */ = {isa = PBXBuildFile; fileRef = B2DE467D15D4D1DB008FE38D /* AppDelegate.m */; };
		B2DE468015D4D1DB008FE38D /* main.m in Sources */ = {isa = PBXBuildFile; fileRef = B2DE467E15D4D1DB008FE38D /* main.m */; };
		B2DE468415D4D297008FE38D /* MainViewController.m in Sources */ = {isa = PBXBuildFile; fileRef = B2DE468215D4D297008FE38D /* MainViewController.m */; };
		B2DE468E15D4E0D2008FE38D /* DeveloperModeViewController.m in Sources */ = {isa = PBXBuildFile; fileRef = B2DE468C15D4E0D2008FE38D /* DeveloperModeViewController.m */; };
		B2DE469615D4E415008FE38D /* ModelChoiceViewController.m in Sources */ = {isa = PBXBuildFile; fileRef = B2DE469515D4E415008FE38D /* ModelChoiceViewController.m */; };
		B2E3947F16B117B1007EFD21 /* LSMaterial3DCache.m in Sources */ = {isa = PBXBuildFile; fileRef = B2E3947E16B117B1007EFD21 /* LSMaterial3DCache.m */; };
		B2E976A416AE592F00D18099 /* LSMaterial3D.m in Sources */ = {isa = PBXBuildFile; fileRef = B2E976A316AE592F00D18099 /* LSMaterial3D.m */; };
		B2EB5EF315ABF6710064AEF0 /* tree.txt in Resources */ = {isa = PBXBuildFile; fileRef = B2EB5EF215ABF6710064AEF0 /* tree.txt */; };
		B2EB5F1A15AC02DC0064AEF0 /* QuartzCore.framework in Frameworks */ = {isa = PBXBuildFile; fileRef = B2EB5F1715AC02D30064AEF0 /* QuartzCore.framework */; };
		B2F4072715E3D82F00651A75 /* forest288.txt in Resources */ = {isa = PBXBuildFile; fileRef = B2F4072615E3D82F00651A75 /* forest288.txt */; };
		B2F4705C15E67572005E7832 /* ModelViewController.m in Sources */ = {isa = PBXBuildFile; fileRef = B2F4705B15E67572005E7832 /* ModelViewController.m */; };
		B2F69F7E15A3FA820073901F /* UIKit.framework in Frameworks */ = {isa = PBXBuildFile; fileRef = B2F69F7D15A3FA820073901F /* UIKit.framework */; };
		B2F69F8015A3FA820073901F /* Foundation.framework in Frameworks */ = {isa = PBXBuildFile; fileRef = B2F69F7F15A3FA820073901F /* Foundation.framework */; };
		B2F69F8215A3FA820073901F /* CoreGraphics.framework in Frameworks */ = {isa = PBXBuildFile; fileRef = B2F69F8115A3FA820073901F /* CoreGraphics.framework */; };
		B2F69F8815A3FA820073901F /* InfoPlist.strings in Resources */ = {isa = PBXBuildFile; fileRef = B2F69F8615A3FA820073901F /* InfoPlist.strings */; };
		B2F69F9E15A3FBBF0073901F /* GLKit.framework in Frameworks */ = {isa = PBXBuildFile; fileRef = B2F69F9C15A3FBB60073901F /* GLKit.framework */; };
		B2F69FA115A3FBE80073901F /* OpenGLES.framework in Frameworks */ = {isa = PBXBuildFile; fileRef = B2F69F9F15A3FBDD0073901F /* OpenGLES.framework */; };
		B2FA29DB15EFB264001D1C9E /* DocumentationEntry.m in Sources */ = {isa = PBXBuildFile; fileRef = B2FA29DA15EFB264001D1C9E /* DocumentationEntry.m */; };
		B2FA29E015EFB3EC001D1C9E /* doc.comments.txt in Resources */ = {isa = PBXBuildFile; fileRef = B2FA29DD15EFB3EB001D1C9E /* doc.comments.txt */; };
		B2FA29E115EFB3EC001D1C9E /* doc.config.txt in Resources */ = {isa = PBXBuildFile; fileRef = B2FA29DE15EFB3EB001D1C9E /* doc.config.txt */; };
		B2FA29E215EFB3EC001D1C9E /* doc.shader.txt in Resources */ = {isa = PBXBuildFile; fileRef = B2FA29DF15EFB3EB001D1C9E /* doc.shader.txt */; };
		B2FBED8D16ACEF0300AB1426 /* map20130120.mtl in Resources */ = {isa = PBXBuildFile; fileRef = B2FBED8916ACEF0300AB1426 /* map20130120.mtl */; };
		B2FBED8E16ACEF0300AB1426 /* map20130120.obj in Resources */ = {isa = PBXBuildFile; fileRef = B2FBED8A16ACEF0300AB1426 /* map20130120.obj */; };
		B2FBED8F16ACEF0300AB1426 /* monkey.mtl in Resources */ = {isa = PBXBuildFile; fileRef = B2FBED8B16ACEF0300AB1426 /* monkey.mtl */; };
		B2FBED9016ACEF0300AB1426 /* monkey.obj in Resources */ = {isa = PBXBuildFile; fileRef = B2FBED8C16ACEF0300AB1426 /* monkey.obj */; };
		B2FBED9316AD20A300AB1426 /* map20130120.txt in Resources */ = {isa = PBXBuildFile; fileRef = B2FBED9216AD20A300AB1426 /* map20130120.txt */; };
		B2FBED9916AD2DFD00AB1426 /* ground.jpg in Resources */ = {isa = PBXBuildFile; fileRef = B2FBED9416AD2DFD00AB1426 /* ground.jpg */; };
		B2FBED9A16AD2DFD00AB1426 /* panda_wall.jpg in Resources */ = {isa = PBXBuildFile; fileRef = B2FBED9516AD2DFD00AB1426 /* panda_wall.jpg */; };
		B2FBED9B16AD2DFD00AB1426 /* rock001.jpg in Resources */ = {isa = PBXBuildFile; fileRef = B2FBED9616AD2DFD00AB1426 /* rock001.jpg */; };
		B2FBED9C16AD2DFD00AB1426 /* tree2_new.png in Resources */ = {isa = PBXBuildFile; fileRef = B2FBED9716AD2DFD00AB1426 /* tree2_new.png */; };
		B2FBED9D16AD2DFD00AB1426 /* wood-fence.png in Resources */ = {isa = PBXBuildFile; fileRef = B2FBED9816AD2DFD00AB1426 /* wood-fence.png */; };
/* End PBXBuildFile section */

/* Begin PBXFileReference section */
		B202FC6215EA2AD7002FF7BA /* DocumentationList.h */ = {isa = PBXFileReference; fileEncoding = 4; lastKnownFileType = sourcecode.c.h; path = DocumentationList.h; sourceTree = "<group>"; };
		B202FC6315EA2AD7002FF7BA /* DocumentationList.m */ = {isa = PBXFileReference; fileEncoding = 4; lastKnownFileType = sourcecode.c.objc; path = DocumentationList.m; sourceTree = "<group>"; };
		B208D10D16F1AEF500FF0700 /* skybox_back.pvrtc */ = {isa = PBXFileReference; lastKnownFileType = file; path = skybox_back.pvrtc; sourceTree = "<group>"; };
		B208D10E16F1AEF500FF0700 /* skybox_down.pvrtc */ = {isa = PBXFileReference; lastKnownFileType = file; path = skybox_down.pvrtc; sourceTree = "<group>"; };
		B208D10F16F1AEF500FF0700 /* skybox_front.pvrtc */ = {isa = PBXFileReference; lastKnownFileType = file; path = skybox_front.pvrtc; sourceTree = "<group>"; };
		B208D11016F1AEF500FF0700 /* skybox_left.pvrtc */ = {isa = PBXFileReference; lastKnownFileType = file; path = skybox_left.pvrtc; sourceTree = "<group>"; };
		B208D11116F1AEF500FF0700 /* skybox_right.pvrtc */ = {isa = PBXFileReference; lastKnownFileType = file; path = skybox_right.pvrtc; sourceTree = "<group>"; };
		B208D11216F1AEF500FF0700 /* skybox_top.pvrtc */ = {isa = PBXFileReference; lastKnownFileType = file; path = skybox_top.pvrtc; sourceTree = "<group>"; };
		B2124CEA15E3556000335F6F /* devoptions.txt */ = {isa = PBXFileReference; fileEncoding = 4; lastKnownFileType = text; path = devoptions.txt; sourceTree = "<group>"; };
		B2124CED15E35AF800335F6F /* llama04.jpg */ = {isa = PBXFileReference; lastKnownFileType = image.jpeg; path = llama04.jpg; sourceTree = "<group>"; };
		B2124CEF15E35C8D00335F6F /* llama04.mtl */ = {isa = PBXFileReference; fileEncoding = 4; lastKnownFileType = text; path = llama04.mtl; sourceTree = "<group>"; };
		B2124CF015E35C8D00335F6F /* llama04.obj */ = {isa = PBXFileReference; fileEncoding = 4; lastKnownFileType = text; path = llama04.obj; sourceTree = "<group>"; };
		B2142EA416DA241E00BB0DC0 /* map20130224.mtl */ = {isa = PBXFileReference; fileEncoding = 4; lastKnownFileType = text; path = map20130224.mtl; sourceTree = "<group>"; };
		B2142EA516DA241E00BB0DC0 /* map20130224.obj */ = {isa = PBXFileReference; fileEncoding = 4; lastKnownFileType = text; path = map20130224.obj; sourceTree = "<group>"; };
		B2142EA616DA241E00BB0DC0 /* map20130224.txt */ = {isa = PBXFileReference; fileEncoding = 4; lastKnownFileType = text; path = map20130224.txt; sourceTree = "<group>"; };
		B2144E8516E0788E007F6523 /* tree_mm2.mtl */ = {isa = PBXFileReference; fileEncoding = 4; lastKnownFileType = text; path = tree_mm2.mtl; sourceTree = "<group>"; };
		B2144E8616E0788E007F6523 /* tree_mm2.obj */ = {isa = PBXFileReference; fileEncoding = 4; lastKnownFileType = text; path = tree_mm2.obj; sourceTree = "<group>"; };
		B21F85E416D787E50060C1F8 /* LSObject3DFragment.h */ = {isa = PBXFileReference; fileEncoding = 4; lastKnownFileType = sourcecode.c.h; path = LSObject3DFragment.h; sourceTree = "<group>"; };
		B21F85E516D787E60060C1F8 /* LSObject3DFragment.m */ = {isa = PBXFileReference; fileEncoding = 4; lastKnownFileType = sourcecode.c.objc; path = LSObject3DFragment.m; sourceTree = "<group>"; };
		B221365516B94D1A00BC9A56 /* map20130128.mtl */ = {isa = PBXFileReference; fileEncoding = 4; lastKnownFileType = text; path = map20130128.mtl; sourceTree = "<group>"; };
		B221365616B94D1A00BC9A56 /* map20130128.obj */ = {isa = PBXFileReference; fileEncoding = 4; lastKnownFileType = text; path = map20130128.obj; sourceTree = "<group>"; };
		B221365916B94D3000BC9A56 /* deco-house-6-02.jpg */ = {isa = PBXFileReference; lastKnownFileType = image.jpeg; path = "deco-house-6-02.jpg"; sourceTree = "<group>"; };
		B221365A16B94D3000BC9A56 /* ground.bump.jpg */ = {isa = PBXFileReference; lastKnownFileType = image.jpeg; path = ground.bump.jpg; sourceTree = "<group>"; };
		B221365B16B94D3000BC9A56 /* roof01.jpg */ = {isa = PBXFileReference; lastKnownFileType = image.jpeg; path = roof01.jpg; sourceTree = "<group>"; };
		B221365C16B94D3000BC9A56 /* seal-stone-ao.jpg */ = {isa = PBXFileReference; lastKnownFileType = image.jpeg; path = "seal-stone-ao.jpg"; sourceTree = "<group>"; };
		B221365D16B94D3000BC9A56 /* seal-stone.jpg */ = {isa = PBXFileReference; lastKnownFileType = image.jpeg; path = "seal-stone.jpg"; sourceTree = "<group>"; };
		B221365E16B94D3000BC9A56 /* stone-wall.jpg */ = {isa = PBXFileReference; lastKnownFileType = image.jpeg; path = "stone-wall.jpg"; sourceTree = "<group>"; };
		B221365F16B94D3000BC9A56 /* z_big-house.jpg */ = {isa = PBXFileReference; lastKnownFileType = image.jpeg; path = "z_big-house.jpg"; sourceTree = "<group>"; };
		B221366016B94D3000BC9A56 /* z_deco_house_5.jpg */ = {isa = PBXFileReference; lastKnownFileType = image.jpeg; path = z_deco_house_5.jpg; sourceTree = "<group>"; };
		B221366116B94D3000BC9A56 /* z_deco-house-6.jpg */ = {isa = PBXFileReference; lastKnownFileType = image.jpeg; path = "z_deco-house-6.jpg"; sourceTree = "<group>"; };
		B221366216B94D3000BC9A56 /* z_owl_tree.jpg */ = {isa = PBXFileReference; lastKnownFileType = image.jpeg; path = z_owl_tree.jpg; sourceTree = "<group>"; };
		B221366316B94D3000BC9A56 /* z_panda-house.jpg */ = {isa = PBXFileReference; lastKnownFileType = image.jpeg; path = "z_panda-house.jpg"; sourceTree = "<group>"; };
		B221366416B94D3000BC9A56 /* z_panda-stool_0122.png */ = {isa = PBXFileReference; lastKnownFileType = image.png; path = "z_panda-stool_0122.png"; sourceTree = "<group>"; };
		B221366516B94D3000BC9A56 /* z_panda-wall.jpg */ = {isa = PBXFileReference; lastKnownFileType = image.jpeg; path = "z_panda-wall.jpg"; sourceTree = "<group>"; };
		B221366616B94D3000BC9A56 /* z_tree_0122.png */ = {isa = PBXFileReference; lastKnownFileType = image.png; path = z_tree_0122.png; sourceTree = "<group>"; };
		B221366716B94D3000BC9A56 /* z-deco-house-7.jpg */ = {isa = PBXFileReference; lastKnownFileType = image.jpeg; path = "z-deco-house-7.jpg"; sourceTree = "<group>"; };
		B221366816B94D3000BC9A56 /* z-deco-house-9.jpg */ = {isa = PBXFileReference; lastKnownFileType = image.jpeg; path = "z-deco-house-9.jpg"; sourceTree = "<group>"; };
		B221366916B94D3000BC9A56 /* z-goats-house-002.jpg */ = {isa = PBXFileReference; lastKnownFileType = image.jpeg; path = "z-goats-house-002.jpg"; sourceTree = "<group>"; };
		B221367B16B94E2A00BC9A56 /* map20130128.txt */ = {isa = PBXFileReference; fileEncoding = 4; lastKnownFileType = text; path = map20130128.txt; sourceTree = "<group>"; };
		B229BE0D16F070210095BEF3 /* ground.pvrtc */ = {isa = PBXFileReference; lastKnownFileType = file; path = ground.pvrtc; sourceTree = "<group>"; };
		B232A21415AD31F700E370E8 /* LSContext3D.h */ = {isa = PBXFileReference; fileEncoding = 4; lastKnownFileType = sourcecode.c.h; lineEnding = 0; path = LSContext3D.h; sourceTree = "<group>"; xcLanguageSpecificationIdentifier = xcode.lang.objcpp; };
		B232A21515AD31F700E370E8 /* LSContext3D.m */ = {isa = PBXFileReference; fileEncoding = 4; lastKnownFileType = sourcecode.c.objc; lineEnding = 0; path = LSContext3D.m; sourceTree = "<group>"; xcLanguageSpecificationIdentifier = xcode.lang.objc; };
		B232A21615AD31F700E370E8 /* LSModel3D.h */ = {isa = PBXFileReference; fileEncoding = 4; lastKnownFileType = sourcecode.c.h; lineEnding = 0; path = LSModel3D.h; sourceTree = "<group>"; xcLanguageSpecificationIdentifier = xcode.lang.objcpp; };
		B232A21715AD31F700E370E8 /* LSModel3D.m */ = {isa = PBXFileReference; fileEncoding = 4; lastKnownFileType = sourcecode.c.objc; lineEnding = 0; path = LSModel3D.m; sourceTree = "<group>"; xcLanguageSpecificationIdentifier = xcode.lang.objc; };
		B232A21815AD31F700E370E8 /* LSObject3D.h */ = {isa = PBXFileReference; fileEncoding = 4; lastKnownFileType = sourcecode.c.h; path = LSObject3D.h; sourceTree = "<group>"; };
		B232A21915AD31F700E370E8 /* LSObject3D.m */ = {isa = PBXFileReference; fileEncoding = 4; lastKnownFileType = sourcecode.c.objc; path = LSObject3D.m; sourceTree = "<group>"; };
		B232A21B15AD31F700E370E8 /* LSViewController3D.h */ = {isa = PBXFileReference; fileEncoding = 4; lastKnownFileType = sourcecode.c.h; path = LSViewController3D.h; sourceTree = "<group>"; };
		B232A21C15AD31F700E370E8 /* LSViewController3D.m */ = {isa = PBXFileReference; fileEncoding = 4; lastKnownFileType = sourcecode.c.objc; path = LSViewController3D.m; sourceTree = "<group>"; };
		B232A22515AD31FF00E370E8 /* base.png */ = {isa = PBXFileReference; lastKnownFileType = image.png; path = base.png; sourceTree = "<group>"; };
		B232A22615AD31FF00E370E8 /* car008.png */ = {isa = PBXFileReference; lastKnownFileType = image.png; path = car008.png; sourceTree = "<group>"; };
		B232A22715AD31FF00E370E8 /* car009.png */ = {isa = PBXFileReference; lastKnownFileType = image.png; path = car009.png; sourceTree = "<group>"; };
		B232A22815AD31FF00E370E8 /* car010.png */ = {isa = PBXFileReference; lastKnownFileType = image.png; path = car010.png; sourceTree = "<group>"; };
		B232A22915AD31FF00E370E8 /* grass.png */ = {isa = PBXFileReference; lastKnownFileType = image.png; path = grass.png; sourceTree = "<group>"; };
		B23696C116D611180014E2B0 /* LSProgram3D.h */ = {isa = PBXFileReference; fileEncoding = 4; lastKnownFileType = sourcecode.c.h; path = LSProgram3D.h; sourceTree = "<group>"; };
		B23696C216D611190014E2B0 /* LSProgram3D.m */ = {isa = PBXFileReference; fileEncoding = 4; lastKnownFileType = sourcecode.c.objc; path = LSProgram3D.m; sourceTree = "<group>"; };
		B23696C416D6120B0014E2B0 /* LSProgram3DAttributes.h */ = {isa = PBXFileReference; fileEncoding = 4; lastKnownFileType = sourcecode.c.h; path = LSProgram3DAttributes.h; sourceTree = "<group>"; };
		B23696C516D6120B0014E2B0 /* LSProgram3DAttributes.m */ = {isa = PBXFileReference; fileEncoding = 4; lastKnownFileType = sourcecode.c.objc; path = LSProgram3DAttributes.m; sourceTree = "<group>"; };
		B23893F415BB8B2D00FC0282 /* LSObject3DConf.h */ = {isa = PBXFileReference; fileEncoding = 4; lastKnownFileType = sourcecode.c.h; path = LSObject3DConf.h; sourceTree = "<group>"; };
		B23893F515BB8B2D00FC0282 /* LSObject3DConf.m */ = {isa = PBXFileReference; fileEncoding = 4; lastKnownFileType = sourcecode.c.objc; path = LSObject3DConf.m; sourceTree = "<group>"; };
		B2424E6B15C7A987007F5131 /* LSModel3DSourceOBJ.h */ = {isa = PBXFileReference; fileEncoding = 4; lastKnownFileType = sourcecode.c.h; path = LSModel3DSourceOBJ.h; sourceTree = "<group>"; };
		B2424E6C15C7A987007F5131 /* LSModel3DSourceOBJ.m */ = {isa = PBXFileReference; fileEncoding = 4; lastKnownFileType = sourcecode.c.objc; path = LSModel3DSourceOBJ.m; sourceTree = "<group>"; };
		B24409F515D33F840071CE38 /* forest144.mtl */ = {isa = PBXFileReference; fileEncoding = 4; lastKnownFileType = text; path = forest144.mtl; sourceTree = "<group>"; };
		B24409F615D33F840071CE38 /* forest144.obj */ = {isa = PBXFileReference; fileEncoding = 4; lastKnownFileType = text; path = forest144.obj; sourceTree = "<group>"; };
		B24409FB15D341AA0071CE38 /* ball.mtl */ = {isa = PBXFileReference; fileEncoding = 4; lastKnownFileType = text; path = ball.mtl; sourceTree = "<group>"; };
		B24409FC15D341AA0071CE38 /* ball.obj */ = {isa = PBXFileReference; fileEncoding = 4; lastKnownFileType = text; path = ball.obj; sourceTree = "<group>"; };
		B24409FF15D345240071CE38 /* forest288.mtl */ = {isa = PBXFileReference; fileEncoding = 4; lastKnownFileType = text; path = forest288.mtl; sourceTree = "<group>"; };
		B2440A0015D345240071CE38 /* forest288.obj */ = {isa = PBXFileReference; fileEncoding = 4; lastKnownFileType = text; path = forest288.obj; sourceTree = "<group>"; };
		B2440A0115D345240071CE38 /* tree.mtl */ = {isa = PBXFileReference; fileEncoding = 4; lastKnownFileType = text; path = tree.mtl; sourceTree = "<group>"; };
		B2440A0215D345240071CE38 /* tree.obj */ = {isa = PBXFileReference; fileEncoding = 4; lastKnownFileType = text; path = tree.obj; sourceTree = "<group>"; };
		B2440A0715D3482F0071CE38 /* tree_pretty.mtl */ = {isa = PBXFileReference; fileEncoding = 4; lastKnownFileType = text; path = tree_pretty.mtl; sourceTree = "<group>"; };
		B2440A0815D3482F0071CE38 /* tree_pretty.obj */ = {isa = PBXFileReference; fileEncoding = 4; lastKnownFileType = text; path = tree_pretty.obj; sourceTree = "<group>"; };
		B2467FED16E1BDB900637667 /* tree_mm1.mtl */ = {isa = PBXFileReference; fileEncoding = 4; lastKnownFileType = text; path = tree_mm1.mtl; sourceTree = "<group>"; };
		B2467FEE16E1BDB900637667 /* tree_mm1.obj */ = {isa = PBXFileReference; fileEncoding = 4; lastKnownFileType = text; path = tree_mm1.obj; sourceTree = "<group>"; };
		B24995FA16EF07E700831523 /* Skybox.fsh */ = {isa = PBXFileReference; fileEncoding = 4; lastKnownFileType = sourcecode.glsl; path = Skybox.fsh; sourceTree = "<group>"; };
		B24995FB16EF07E700831523 /* Skybox.vsh */ = {isa = PBXFileReference; fileEncoding = 4; lastKnownFileType = sourcecode.glsl; path = Skybox.vsh; sourceTree = "<group>"; };
		B249960116EF0B8500831523 /* NSExtensions.h */ = {isa = PBXFileReference; fileEncoding = 4; lastKnownFileType = sourcecode.c.h; path = NSExtensions.h; sourceTree = "<group>"; };
		B249960216EF0B8500831523 /* NSExtensions.m */ = {isa = PBXFileReference; fileEncoding = 4; lastKnownFileType = sourcecode.c.objc; path = NSExtensions.m; sourceTree = "<group>"; };
		B249960616EF124100831523 /* skybox_back.png */ = {isa = PBXFileReference; lastKnownFileType = image.png; path = skybox_back.png; sourceTree = "<group>"; };
		B249960716EF124100831523 /* skybox_down.png */ = {isa = PBXFileReference; lastKnownFileType = image.png; path = skybox_down.png; sourceTree = "<group>"; };
		B249960816EF124100831523 /* skybox_front.png */ = {isa = PBXFileReference; lastKnownFileType = image.png; path = skybox_front.png; sourceTree = "<group>"; };
		B249960916EF124100831523 /* skybox_left.png */ = {isa = PBXFileReference; lastKnownFileType = image.png; path = skybox_left.png; sourceTree = "<group>"; };
		B249960A16EF124100831523 /* skybox_right.png */ = {isa = PBXFileReference; lastKnownFileType = image.png; path = skybox_right.png; sourceTree = "<group>"; };
		B249960B16EF124100831523 /* skybox_top.png */ = {isa = PBXFileReference; lastKnownFileType = image.png; path = skybox_top.png; sourceTree = "<group>"; };
		B24C7C7316D8829B00144542 /* Default-568h@2x.png */ = {isa = PBXFileReference; lastKnownFileType = image.png; path = "Default-568h@2x.png"; sourceTree = "<group>"; };
		B24C7C7416D8829B00144542 /* Default.png */ = {isa = PBXFileReference; lastKnownFileType = image.png; path = Default.png; sourceTree = "<group>"; };
		B24C7C7516D8829B00144542 /* Default@2x.png */ = {isa = PBXFileReference; lastKnownFileType = image.png; path = "Default@2x.png"; sourceTree = "<group>"; };
		B250AEF516BE5BB400506C63 /* LSBuffer3D.h */ = {isa = PBXFileReference; fileEncoding = 4; lastKnownFileType = sourcecode.c.h; path = LSBuffer3D.h; sourceTree = "<group>"; };
		B250AEF616BE5BB400506C63 /* LSBuffer3D.m */ = {isa = PBXFileReference; fileEncoding = 4; lastKnownFileType = sourcecode.c.objc; path = LSBuffer3D.m; sourceTree = "<group>"; };
		B253AC7415AE6137005CCA0D /* LSModel3DConf.h */ = {isa = PBXFileReference; fileEncoding = 4; lastKnownFileType = sourcecode.c.h; path = LSModel3DConf.h; sourceTree = "<group>"; };
		B253AC7515AE6137005CCA0D /* LSModel3DConf.m */ = {isa = PBXFileReference; fileEncoding = 4; lastKnownFileType = sourcecode.c.objc; path = LSModel3DConf.m; sourceTree = "<group>"; };
		B253AC7815AE6BC2005CCA0D /* wheel.txt */ = {isa = PBXFileReference; explicitFileType = text; fileEncoding = 4; path = wheel.txt; sourceTree = "<group>"; };
		B257936115AEB89B00AE17EA /* Icon-72.png */ = {isa = PBXFileReference; lastKnownFileType = image.png; path = "Icon-72.png"; sourceTree = "<group>"; };
		B257936215AEB89B00AE17EA /* Icon-72@2x.png */ = {isa = PBXFileReference; lastKnownFileType = image.png; path = "Icon-72@2x.png"; sourceTree = "<group>"; };
		B257936315AEB89B00AE17EA /* Icon-Small-50.png */ = {isa = PBXFileReference; lastKnownFileType = image.png; path = "Icon-Small-50.png"; sourceTree = "<group>"; };
		B257936415AEB89B00AE17EA /* Icon-Small.png */ = {isa = PBXFileReference; lastKnownFileType = image.png; path = "Icon-Small.png"; sourceTree = "<group>"; };
		B257936515AEB89B00AE17EA /* Icon-Small@2x.png */ = {isa = PBXFileReference; lastKnownFileType = image.png; path = "Icon-Small@2x.png"; sourceTree = "<group>"; };
		B257936615AEB89B00AE17EA /* Icon.png */ = {isa = PBXFileReference; lastKnownFileType = image.png; path = Icon.png; sourceTree = "<group>"; };
		B257936715AEB89B00AE17EA /* Icon@2x.png */ = {isa = PBXFileReference; lastKnownFileType = image.png; path = "Icon@2x.png"; sourceTree = "<group>"; };
		B257936815AEB89B00AE17EA /* iTunesArtwork */ = {isa = PBXFileReference; lastKnownFileType = file; path = iTunesArtwork; sourceTree = "<group>"; };
		B26DE9CA16E4B424003AAD72 /* ground.normal.jpg */ = {isa = PBXFileReference; lastKnownFileType = image.jpeg; path = ground.normal.jpg; sourceTree = "<group>"; };
		B278ED7B15AAAE870074D66E /* TODO */ = {isa = PBXFileReference; fileEncoding = 4; lastKnownFileType = text; path = TODO; sourceTree = "<group>"; };
		B2BBE36215C24FEF000A12BC /* LSAnimation3D.h */ = {isa = PBXFileReference; fileEncoding = 4; lastKnownFileType = sourcecode.c.h; lineEnding = 0; path = LSAnimation3D.h; sourceTree = "<group>"; xcLanguageSpecificationIdentifier = xcode.lang.objcpp; };
		B2BBE36315C24FEF000A12BC /* LSAnimation3D.m */ = {isa = PBXFileReference; fileEncoding = 4; lastKnownFileType = sourcecode.c.objc; lineEnding = 0; path = LSAnimation3D.m; sourceTree = "<group>"; xcLanguageSpecificationIdentifier = xcode.lang.objc; };
		B2CB6F2215E747B000A0BA08 /* Shadow.fsh */ = {isa = PBXFileReference; fileEncoding = 4; lastKnownFileType = sourcecode.glsl; path = Shadow.fsh; sourceTree = "<group>"; };
		B2CB6F2315E747B000A0BA08 /* Shadow.vsh */ = {isa = PBXFileReference; fileEncoding = 4; lastKnownFileType = sourcecode.glsl; path = Shadow.vsh; sourceTree = "<group>"; };
		B2D7B2FF15AFE53D0046EF24 /* map20120712.txt */ = {isa = PBXFileReference; fileEncoding = 4; lastKnownFileType = text; path = map20120712.txt; sourceTree = "<group>"; };
		B2D96B721ED00E4400CDAC4D /* Storyboard.storyboard */ = {isa = PBXFileReference; fileEncoding = 4; lastKnownFileType = file.storyboard; path = Storyboard.storyboard; sourceTree = "<group>"; };
		B2D96B741ED0123600CDAC4D /* Launch.storyboard */ = {isa = PBXFileReference; fileEncoding = 4; lastKnownFileType = file.storyboard; path = Launch.storyboard; sourceTree = "<group>"; };
		B2D973ED15E65235003154B7 /* forest144.txt */ = {isa = PBXFileReference; fileEncoding = 4; lastKnownFileType = text; path = forest144.txt; sourceTree = "<group>"; };
		B2D9908815B8F17C0007C6CA /* LSView3D.h */ = {isa = PBXFileReference; fileEncoding = 4; lastKnownFileType = sourcecode.c.h; lineEnding = 0; path = LSView3D.h; sourceTree = "<group>"; xcLanguageSpecificationIdentifier = xcode.lang.objcpp; };
		B2D9908915B8F17C0007C6CA /* LSView3D.m */ = {isa = PBXFileReference; fileEncoding = 4; lastKnownFileType = sourcecode.c.objc; lineEnding = 0; path = LSView3D.m; sourceTree = "<group>"; xcLanguageSpecificationIdentifier = xcode.lang.objc; };
		B2D990FD15B9217F0007C6CA /* Render.fsh */ = {isa = PBXFileReference; explicitFileType = sourcecode.glsl; fileEncoding = 4; path = Render.fsh; sourceTree = "<group>"; };
		B2D990FE15B9217F0007C6CA /* Render.vsh */ = {isa = PBXFileReference; explicitFileType = sourcecode.glsl; fileEncoding = 4; path = Render.vsh; sourceTree = "<group>"; };
		B2DAE55215CF72870019AA54 /* map20120712.mtl */ = {isa = PBXFileReference; fileEncoding = 4; lastKnownFileType = text; path = map20120712.mtl; sourceTree = "<group>"; };
		B2DAE55315CF72870019AA54 /* map20120712.obj */ = {isa = PBXFileReference; fileEncoding = 4; lastKnownFileType = text; path = map20120712.obj; sourceTree = "<group>"; };
		B2DAE55415CF72870019AA54 /* giraffe.mtl */ = {isa = PBXFileReference; fileEncoding = 4; lastKnownFileType = text; path = giraffe.mtl; sourceTree = "<group>"; };
		B2DAE55515CF72870019AA54 /* giraffe.obj */ = {isa = PBXFileReference; fileEncoding = 4; lastKnownFileType = text; path = giraffe.obj; sourceTree = "<group>"; };
		B2DAE55B15CF7B190019AA54 /* wheel.mtl */ = {isa = PBXFileReference; fileEncoding = 4; lastKnownFileType = text; path = wheel.mtl; sourceTree = "<group>"; };
		B2DAE55C15CF7B190019AA54 /* wheel.obj */ = {isa = PBXFileReference; fileEncoding = 4; lastKnownFileType = text; path = wheel.obj; sourceTree = "<group>"; };
		B2DAE55F15CF7B3D0019AA54 /* giraffe.txt */ = {isa = PBXFileReference; fileEncoding = 4; lastKnownFileType = text; path = giraffe.txt; sourceTree = "<group>"; };
		B2DAE56E15CFB8C90019AA54 /* tree2.png */ = {isa = PBXFileReference; lastKnownFileType = image.png; path = tree2.png; sourceTree = "<group>"; };
		B2DE467215D4A0E8008FE38D /* CoreMotion.framework */ = {isa = PBXFileReference; lastKnownFileType = wrapper.framework; name = CoreMotion.framework; path = System/Library/Frameworks/CoreMotion.framework; sourceTree = SDKROOT; };
		B2DE467C15D4D1DB008FE38D /* AppDelegate.h */ = {isa = PBXFileReference; fileEncoding = 4; lastKnownFileType = sourcecode.c.h; path = AppDelegate.h; sourceTree = "<group>"; };
		B2DE467D15D4D1DB008FE38D /* AppDelegate.m */ = {isa = PBXFileReference; fileEncoding = 4; lastKnownFileType = sourcecode.c.objc; path = AppDelegate.m; sourceTree = "<group>"; };
		B2DE467E15D4D1DB008FE38D /* main.m */ = {isa = PBXFileReference; fileEncoding = 4; lastKnownFileType = sourcecode.c.objc; path = main.m; sourceTree = "<group>"; };
		B2DE468115D4D297008FE38D /* MainViewController.h */ = {isa = PBXFileReference; fileEncoding = 4; lastKnownFileType = sourcecode.c.h; path = MainViewController.h; sourceTree = "<group>"; };
		B2DE468215D4D297008FE38D /* MainViewController.m */ = {isa = PBXFileReference; fileEncoding = 4; lastKnownFileType = sourcecode.c.objc; path = MainViewController.m; sourceTree = "<group>"; };
		B2DE468B15D4E0D2008FE38D /* DeveloperModeViewController.h */ = {isa = PBXFileReference; fileEncoding = 4; lastKnownFileType = sourcecode.c.h; path = DeveloperModeViewController.h; sourceTree = "<group>"; };
		B2DE468C15D4E0D2008FE38D /* DeveloperModeViewController.m */ = {isa = PBXFileReference; fileEncoding = 4; lastKnownFileType = sourcecode.c.objc; path = DeveloperModeViewController.m; sourceTree = "<group>"; };
		B2DE469415D4E415008FE38D /* ModelChoiceViewController.h */ = {isa = PBXFileReference; fileEncoding = 4; lastKnownFileType = sourcecode.c.h; path = ModelChoiceViewController.h; sourceTree = "<group>"; };
		B2DE469515D4E415008FE38D /* ModelChoiceViewController.m */ = {isa = PBXFileReference; fileEncoding = 4; lastKnownFileType = sourcecode.c.objc; path = ModelChoiceViewController.m; sourceTree = "<group>"; };
		B2E3947D16B117B1007EFD21 /* LSMaterial3DCache.h */ = {isa = PBXFileReference; fileEncoding = 4; lastKnownFileType = sourcecode.c.h; path = LSMaterial3DCache.h; sourceTree = "<group>"; };
		B2E3947E16B117B1007EFD21 /* LSMaterial3DCache.m */ = {isa = PBXFileReference; fileEncoding = 4; lastKnownFileType = sourcecode.c.objc; path = LSMaterial3DCache.m; sourceTree = "<group>"; };
		B2E976A216AE592F00D18099 /* LSMaterial3D.h */ = {isa = PBXFileReference; fileEncoding = 4; lastKnownFileType = sourcecode.c.h; path = LSMaterial3D.h; sourceTree = "<group>"; };
		B2E976A316AE592F00D18099 /* LSMaterial3D.m */ = {isa = PBXFileReference; fileEncoding = 4; lastKnownFileType = sourcecode.c.objc; path = LSMaterial3D.m; sourceTree = "<group>"; };
		B2EB5EF215ABF6710064AEF0 /* tree.txt */ = {isa = PBXFileReference; fileEncoding = 4; lastKnownFileType = text; path = tree.txt; sourceTree = "<group>"; };
		B2EB5F1715AC02D30064AEF0 /* QuartzCore.framework */ = {isa = PBXFileReference; lastKnownFileType = wrapper.framework; name = QuartzCore.framework; path = System/Library/Frameworks/QuartzCore.framework; sourceTree = SDKROOT; };
		B2F4072615E3D82F00651A75 /* forest288.txt */ = {isa = PBXFileReference; fileEncoding = 4; lastKnownFileType = text; path = forest288.txt; sourceTree = "<group>"; };
		B2F4705A15E67572005E7832 /* ModelViewController.h */ = {isa = PBXFileReference; fileEncoding = 4; lastKnownFileType = sourcecode.c.h; path = ModelViewController.h; sourceTree = "<group>"; };
		B2F4705B15E67572005E7832 /* ModelViewController.m */ = {isa = PBXFileReference; fileEncoding = 4; lastKnownFileType = sourcecode.c.objc; path = ModelViewController.m; sourceTree = "<group>"; };
		B2F69F7915A3FA820073901F /* OjiPark.app */ = {isa = PBXFileReference; explicitFileType = wrapper.application; includeInIndex = 0; path = OjiPark.app; sourceTree = BUILT_PRODUCTS_DIR; };
		B2F69F7D15A3FA820073901F /* UIKit.framework */ = {isa = PBXFileReference; lastKnownFileType = wrapper.framework; name = UIKit.framework; path = System/Library/Frameworks/UIKit.framework; sourceTree = SDKROOT; };
		B2F69F7F15A3FA820073901F /* Foundation.framework */ = {isa = PBXFileReference; lastKnownFileType = wrapper.framework; name = Foundation.framework; path = System/Library/Frameworks/Foundation.framework; sourceTree = SDKROOT; };
		B2F69F8115A3FA820073901F /* CoreGraphics.framework */ = {isa = PBXFileReference; lastKnownFileType = wrapper.framework; name = CoreGraphics.framework; path = System/Library/Frameworks/CoreGraphics.framework; sourceTree = SDKROOT; };
		B2F69F8515A3FA820073901F /* OjiPark-Info.plist */ = {isa = PBXFileReference; lastKnownFileType = text.plist.xml; path = "OjiPark-Info.plist"; sourceTree = "<group>"; };
		B2F69F8715A3FA820073901F /* en */ = {isa = PBXFileReference; lastKnownFileType = text.plist.strings; name = en; path = en.lproj/InfoPlist.strings; sourceTree = "<group>"; };
		B2F69F8B15A3FA820073901F /* OjiPark-Prefix.pch */ = {isa = PBXFileReference; lastKnownFileType = sourcecode.c.h; path = "OjiPark-Prefix.pch"; sourceTree = "<group>"; };
		B2F69F9C15A3FBB60073901F /* GLKit.framework */ = {isa = PBXFileReference; lastKnownFileType = wrapper.framework; name = GLKit.framework; path = System/Library/Frameworks/GLKit.framework; sourceTree = SDKROOT; };
		B2F69F9F15A3FBDD0073901F /* OpenGLES.framework */ = {isa = PBXFileReference; lastKnownFileType = wrapper.framework; name = OpenGLES.framework; path = System/Library/Frameworks/OpenGLES.framework; sourceTree = SDKROOT; };
		B2FA29D915EFB264001D1C9E /* DocumentationEntry.h */ = {isa = PBXFileReference; fileEncoding = 4; lastKnownFileType = sourcecode.c.h; path = DocumentationEntry.h; sourceTree = "<group>"; };
		B2FA29DA15EFB264001D1C9E /* DocumentationEntry.m */ = {isa = PBXFileReference; fileEncoding = 4; lastKnownFileType = sourcecode.c.objc; path = DocumentationEntry.m; sourceTree = "<group>"; };
		B2FA29DD15EFB3EB001D1C9E /* doc.comments.txt */ = {isa = PBXFileReference; fileEncoding = 4; lastKnownFileType = text; path = doc.comments.txt; sourceTree = "<group>"; };
		B2FA29DE15EFB3EB001D1C9E /* doc.config.txt */ = {isa = PBXFileReference; fileEncoding = 4; lastKnownFileType = text; path = doc.config.txt; sourceTree = "<group>"; };
		B2FA29DF15EFB3EB001D1C9E /* doc.shader.txt */ = {isa = PBXFileReference; fileEncoding = 4; lastKnownFileType = text; path = doc.shader.txt; sourceTree = "<group>"; };
		B2FBED8916ACEF0300AB1426 /* map20130120.mtl */ = {isa = PBXFileReference; fileEncoding = 4; lastKnownFileType = text; path = map20130120.mtl; sourceTree = "<group>"; };
		B2FBED8A16ACEF0300AB1426 /* map20130120.obj */ = {isa = PBXFileReference; fileEncoding = 4; lastKnownFileType = text; path = map20130120.obj; sourceTree = "<group>"; };
		B2FBED8B16ACEF0300AB1426 /* monkey.mtl */ = {isa = PBXFileReference; fileEncoding = 4; lastKnownFileType = text; path = monkey.mtl; sourceTree = "<group>"; };
		B2FBED8C16ACEF0300AB1426 /* monkey.obj */ = {isa = PBXFileReference; fileEncoding = 4; lastKnownFileType = text; path = monkey.obj; sourceTree = "<group>"; };
		B2FBED9216AD20A300AB1426 /* map20130120.txt */ = {isa = PBXFileReference; fileEncoding = 4; lastKnownFileType = text; path = map20130120.txt; sourceTree = "<group>"; };
		B2FBED9416AD2DFD00AB1426 /* ground.jpg */ = {isa = PBXFileReference; lastKnownFileType = image.jpeg; path = ground.jpg; sourceTree = "<group>"; };
		B2FBED9516AD2DFD00AB1426 /* panda_wall.jpg */ = {isa = PBXFileReference; lastKnownFileType = image.jpeg; path = panda_wall.jpg; sourceTree = "<group>"; };
		B2FBED9616AD2DFD00AB1426 /* rock001.jpg */ = {isa = PBXFileReference; lastKnownFileType = image.jpeg; path = rock001.jpg; sourceTree = "<group>"; };
		B2FBED9716AD2DFD00AB1426 /* tree2_new.png */ = {isa = PBXFileReference; lastKnownFileType = image.png; path = tree2_new.png; sourceTree = "<group>"; };
		B2FBED9816AD2DFD00AB1426 /* wood-fence.png */ = {isa = PBXFileReference; lastKnownFileType = image.png; path = "wood-fence.png"; sourceTree = "<group>"; };
/* End PBXFileReference section */

/* Begin PBXFrameworksBuildPhase section */
		B2F69F7615A3FA820073901F /* Frameworks */ = {
			isa = PBXFrameworksBuildPhase;
			buildActionMask = 2147483647;
			files = (
				B2F69F8215A3FA820073901F /* CoreGraphics.framework in Frameworks */,
				B2DE467515D4A0F5008FE38D /* CoreMotion.framework in Frameworks */,
				B2F69F8015A3FA820073901F /* Foundation.framework in Frameworks */,
				B2F69F9E15A3FBBF0073901F /* GLKit.framework in Frameworks */,
				B2F69FA115A3FBE80073901F /* OpenGLES.framework in Frameworks */,
				B2EB5F1A15AC02DC0064AEF0 /* QuartzCore.framework in Frameworks */,
				B2F69F7E15A3FA820073901F /* UIKit.framework in Frameworks */,
			);
			runOnlyForDeploymentPostprocessing = 0;
		};
/* End PBXFrameworksBuildPhase section */

/* Begin PBXGroup section */
		B232A20F15AD31F700E370E8 /* Engine */ = {
			isa = PBXGroup;
			children = (
				B2BBE36215C24FEF000A12BC /* LSAnimation3D.h */,
				B2BBE36315C24FEF000A12BC /* LSAnimation3D.m */,
				B250AEF516BE5BB400506C63 /* LSBuffer3D.h */,
				B250AEF616BE5BB400506C63 /* LSBuffer3D.m */,
				B232A21415AD31F700E370E8 /* LSContext3D.h */,
				B232A21515AD31F700E370E8 /* LSContext3D.m */,
				B2E976A216AE592F00D18099 /* LSMaterial3D.h */,
				B2E976A316AE592F00D18099 /* LSMaterial3D.m */,
				B2E3947D16B117B1007EFD21 /* LSMaterial3DCache.h */,
				B2E3947E16B117B1007EFD21 /* LSMaterial3DCache.m */,
				B232A21615AD31F700E370E8 /* LSModel3D.h */,
				B232A21715AD31F700E370E8 /* LSModel3D.m */,
				B253AC7415AE6137005CCA0D /* LSModel3DConf.h */,
				B253AC7515AE6137005CCA0D /* LSModel3DConf.m */,
				B2424E6B15C7A987007F5131 /* LSModel3DSourceOBJ.h */,
				B2424E6C15C7A987007F5131 /* LSModel3DSourceOBJ.m */,
				B232A21815AD31F700E370E8 /* LSObject3D.h */,
				B232A21915AD31F700E370E8 /* LSObject3D.m */,
				B23893F415BB8B2D00FC0282 /* LSObject3DConf.h */,
				B23893F515BB8B2D00FC0282 /* LSObject3DConf.m */,
				B21F85E416D787E50060C1F8 /* LSObject3DFragment.h */,
				B21F85E516D787E60060C1F8 /* LSObject3DFragment.m */,
				B23696C116D611180014E2B0 /* LSProgram3D.h */,
				B23696C216D611190014E2B0 /* LSProgram3D.m */,
				B23696C416D6120B0014E2B0 /* LSProgram3DAttributes.h */,
				B23696C516D6120B0014E2B0 /* LSProgram3DAttributes.m */,
				B2D9908815B8F17C0007C6CA /* LSView3D.h */,
				B2D9908915B8F17C0007C6CA /* LSView3D.m */,
				B232A21B15AD31F700E370E8 /* LSViewController3D.h */,
				B232A21C15AD31F700E370E8 /* LSViewController3D.m */,
				B249960116EF0B8500831523 /* NSExtensions.h */,
				B249960216EF0B8500831523 /* NSExtensions.m */,
			);
			path = Engine;
			sourceTree = "<group>";
		};
		B232A22415AD31FF00E370E8 /* Textures */ = {
			isa = PBXGroup;
			children = (
				B208D10D16F1AEF500FF0700 /* skybox_back.pvrtc */,
				B208D10E16F1AEF500FF0700 /* skybox_down.pvrtc */,
				B208D10F16F1AEF500FF0700 /* skybox_front.pvrtc */,
				B208D11016F1AEF500FF0700 /* skybox_left.pvrtc */,
				B208D11116F1AEF500FF0700 /* skybox_right.pvrtc */,
				B208D11216F1AEF500FF0700 /* skybox_top.pvrtc */,
				B229BE0D16F070210095BEF3 /* ground.pvrtc */,
				B232A22515AD31FF00E370E8 /* base.png */,
				B232A22615AD31FF00E370E8 /* car008.png */,
				B232A22715AD31FF00E370E8 /* car009.png */,
				B232A22815AD31FF00E370E8 /* car010.png */,
				B221365916B94D3000BC9A56 /* deco-house-6-02.jpg */,
				B232A22915AD31FF00E370E8 /* grass.png */,
				B221365A16B94D3000BC9A56 /* ground.bump.jpg */,
				B2FBED9416AD2DFD00AB1426 /* ground.jpg */,
				B26DE9CA16E4B424003AAD72 /* ground.normal.jpg */,
				B2124CED15E35AF800335F6F /* llama04.jpg */,
				B2FBED9516AD2DFD00AB1426 /* panda_wall.jpg */,
				B2FBED9616AD2DFD00AB1426 /* rock001.jpg */,
				B221365B16B94D3000BC9A56 /* roof01.jpg */,
				B221365C16B94D3000BC9A56 /* seal-stone-ao.jpg */,
				B221365D16B94D3000BC9A56 /* seal-stone.jpg */,
				B249960616EF124100831523 /* skybox_back.png */,
				B249960716EF124100831523 /* skybox_down.png */,
				B249960816EF124100831523 /* skybox_front.png */,
				B249960916EF124100831523 /* skybox_left.png */,
				B249960A16EF124100831523 /* skybox_right.png */,
				B249960B16EF124100831523 /* skybox_top.png */,
				B221365E16B94D3000BC9A56 /* stone-wall.jpg */,
				B2DAE56E15CFB8C90019AA54 /* tree2.png */,
				B2FBED9716AD2DFD00AB1426 /* tree2_new.png */,
				B2FBED9816AD2DFD00AB1426 /* wood-fence.png */,
				B221366716B94D3000BC9A56 /* z-deco-house-7.jpg */,
				B221366816B94D3000BC9A56 /* z-deco-house-9.jpg */,
				B221366916B94D3000BC9A56 /* z-goats-house-002.jpg */,
				B221365F16B94D3000BC9A56 /* z_big-house.jpg */,
				B221366116B94D3000BC9A56 /* z_deco-house-6.jpg */,
				B221366016B94D3000BC9A56 /* z_deco_house_5.jpg */,
				B221366216B94D3000BC9A56 /* z_owl_tree.jpg */,
				B221366316B94D3000BC9A56 /* z_panda-house.jpg */,
				B221366416B94D3000BC9A56 /* z_panda-stool_0122.png */,
				B221366516B94D3000BC9A56 /* z_panda-wall.jpg */,
				B221366616B94D3000BC9A56 /* z_tree_0122.png */,
			);
			path = Textures;
			sourceTree = "<group>";
		};
		B257936015AEB89B00AE17EA /* Icons */ = {
			isa = PBXGroup;
			children = (
				B24C7C7316D8829B00144542 /* Default-568h@2x.png */,
				B24C7C7416D8829B00144542 /* Default.png */,
				B24C7C7516D8829B00144542 /* Default@2x.png */,
				B257936115AEB89B00AE17EA /* Icon-72.png */,
				B257936215AEB89B00AE17EA /* Icon-72@2x.png */,
				B257936315AEB89B00AE17EA /* Icon-Small-50.png */,
				B257936415AEB89B00AE17EA /* Icon-Small.png */,
				B257936515AEB89B00AE17EA /* Icon-Small@2x.png */,
				B257936615AEB89B00AE17EA /* Icon.png */,
				B257936715AEB89B00AE17EA /* Icon@2x.png */,
				B257936815AEB89B00AE17EA /* iTunesArtwork */,
			);
			path = Icons;
			sourceTree = "<group>";
		};
		B27B930415A6CCE000E6AFB2 /* Models */ = {
			isa = PBXGroup;
			children = (
				B24409FB15D341AA0071CE38 /* ball.mtl */,
				B24409FC15D341AA0071CE38 /* ball.obj */,
				B24409F515D33F840071CE38 /* forest144.mtl */,
				B24409F615D33F840071CE38 /* forest144.obj */,
				B2D973ED15E65235003154B7 /* forest144.txt */,
				B24409FF15D345240071CE38 /* forest288.mtl */,
				B2440A0015D345240071CE38 /* forest288.obj */,
				B2F4072615E3D82F00651A75 /* forest288.txt */,
				B2DAE55415CF72870019AA54 /* giraffe.mtl */,
				B2DAE55515CF72870019AA54 /* giraffe.obj */,
				B2DAE55F15CF7B3D0019AA54 /* giraffe.txt */,
				B2124CEF15E35C8D00335F6F /* llama04.mtl */,
				B2124CF015E35C8D00335F6F /* llama04.obj */,
				B2DAE55215CF72870019AA54 /* map20120712.mtl */,
				B2DAE55315CF72870019AA54 /* map20120712.obj */,
				B2D7B2FF15AFE53D0046EF24 /* map20120712.txt */,
				B2FBED8916ACEF0300AB1426 /* map20130120.mtl */,
				B2FBED8A16ACEF0300AB1426 /* map20130120.obj */,
				B2FBED9216AD20A300AB1426 /* map20130120.txt */,
				B221365516B94D1A00BC9A56 /* map20130128.mtl */,
				B221365616B94D1A00BC9A56 /* map20130128.obj */,
				B221367B16B94E2A00BC9A56 /* map20130128.txt */,
				B2142EA416DA241E00BB0DC0 /* map20130224.mtl */,
				B2142EA516DA241E00BB0DC0 /* map20130224.obj */,
				B2142EA616DA241E00BB0DC0 /* map20130224.txt */,
				B2FBED8B16ACEF0300AB1426 /* monkey.mtl */,
				B2FBED8C16ACEF0300AB1426 /* monkey.obj */,
				B2440A0115D345240071CE38 /* tree.mtl */,
				B2440A0215D345240071CE38 /* tree.obj */,
				B2EB5EF215ABF6710064AEF0 /* tree.txt */,
				B2467FED16E1BDB900637667 /* tree_mm1.mtl */,
				B2467FEE16E1BDB900637667 /* tree_mm1.obj */,
				B2144E8516E0788E007F6523 /* tree_mm2.mtl */,
				B2144E8616E0788E007F6523 /* tree_mm2.obj */,
				B2440A0715D3482F0071CE38 /* tree_pretty.mtl */,
				B2440A0815D3482F0071CE38 /* tree_pretty.obj */,
				B2DAE55B15CF7B190019AA54 /* wheel.mtl */,
				B2DAE55C15CF7B190019AA54 /* wheel.obj */,
				B253AC7815AE6BC2005CCA0D /* wheel.txt */,
			);
			path = Models;
			sourceTree = "<group>";
		};
		B2DE467B15D4D1DA008FE38D /* Code */ = {
			isa = PBXGroup;
			children = (
				B2DE467C15D4D1DB008FE38D /* AppDelegate.h */,
				B2DE467D15D4D1DB008FE38D /* AppDelegate.m */,
				B2DE468B15D4E0D2008FE38D /* DeveloperModeViewController.h */,
				B2DE468C15D4E0D2008FE38D /* DeveloperModeViewController.m */,
				B2FA29D915EFB264001D1C9E /* DocumentationEntry.h */,
				B2FA29DA15EFB264001D1C9E /* DocumentationEntry.m */,
				B202FC6215EA2AD7002FF7BA /* DocumentationList.h */,
				B202FC6315EA2AD7002FF7BA /* DocumentationList.m */,
				B2DE467E15D4D1DB008FE38D /* main.m */,
				B2DE468115D4D297008FE38D /* MainViewController.h */,
				B2DE468215D4D297008FE38D /* MainViewController.m */,
				B2DE469415D4E415008FE38D /* ModelChoiceViewController.h */,
				B2DE469515D4E415008FE38D /* ModelChoiceViewController.m */,
				B2F4705A15E67572005E7832 /* ModelViewController.h */,
				B2F4705B15E67572005E7832 /* ModelViewController.m */,
			);
			path = Code;
			sourceTree = "<group>";
		};
		B2F69F6E15A3FA820073901F = {
			isa = PBXGroup;
			children = (
				B2F69F8315A3FA820073901F /* OjiPark */,
				B2F69F7C15A3FA820073901F /* Frameworks */,
				B2F69F7A15A3FA820073901F /* Products */,
			);
			sourceTree = "<group>";
		};
		B2F69F7A15A3FA820073901F /* Products */ = {
			isa = PBXGroup;
			children = (
				B2F69F7915A3FA820073901F /* OjiPark.app */,
			);
			name = Products;
			sourceTree = "<group>";
		};
		B2F69F7C15A3FA820073901F /* Frameworks */ = {
			isa = PBXGroup;
			children = (
				B2F69F8115A3FA820073901F /* CoreGraphics.framework */,
				B2DE467215D4A0E8008FE38D /* CoreMotion.framework */,
				B2F69F7F15A3FA820073901F /* Foundation.framework */,
				B2F69F9C15A3FBB60073901F /* GLKit.framework */,
				B2F69F9F15A3FBDD0073901F /* OpenGLES.framework */,
				B2EB5F1715AC02D30064AEF0 /* QuartzCore.framework */,
				B2F69F7D15A3FA820073901F /* UIKit.framework */,
			);
			name = Frameworks;
			sourceTree = "<group>";
		};
		B2F69F8315A3FA820073901F /* OjiPark */ = {
			isa = PBXGroup;
			children = (
				B2DE467B15D4D1DA008FE38D /* Code */,
				B257936015AEB89B00AE17EA /* Icons */,
				B232A20F15AD31F700E370E8 /* Engine */,
				B27B930415A6CCE000E6AFB2 /* Models */,
				B2F69FA515A3FFED0073901F /* Shaders */,
				B2F69F8415A3FA820073901F /* Supporting Files */,
				B232A22415AD31FF00E370E8 /* Textures */,
				B2FA29DD15EFB3EB001D1C9E /* doc.comments.txt */,
				B2FA29DE15EFB3EB001D1C9E /* doc.config.txt */,
				B2FA29DF15EFB3EB001D1C9E /* doc.shader.txt */,
				B278ED7B15AAAE870074D66E /* TODO */,
				B2D96B721ED00E4400CDAC4D /* Storyboard.storyboard */,
				B2D96B741ED0123600CDAC4D /* Launch.storyboard */,
			);
			path = OjiPark;
			sourceTree = "<group>";
		};
		B2F69F8415A3FA820073901F /* Supporting Files */ = {
			isa = PBXGroup;
			children = (
				B2F69F8515A3FA820073901F /* OjiPark-Info.plist */,
				B2F69F8615A3FA820073901F /* InfoPlist.strings */,
				B2F69F8B15A3FA820073901F /* OjiPark-Prefix.pch */,
				B2124CEA15E3556000335F6F /* devoptions.txt */,
			);
			name = "Supporting Files";
			sourceTree = "<group>";
		};
		B2F69FA515A3FFED0073901F /* Shaders */ = {
			isa = PBXGroup;
			children = (
				B2D990FD15B9217F0007C6CA /* Render.fsh */,
				B2D990FE15B9217F0007C6CA /* Render.vsh */,
				B2CB6F2215E747B000A0BA08 /* Shadow.fsh */,
				B2CB6F2315E747B000A0BA08 /* Shadow.vsh */,
				B24995FA16EF07E700831523 /* Skybox.fsh */,
				B24995FB16EF07E700831523 /* Skybox.vsh */,
			);
			path = Shaders;
			sourceTree = "<group>";
		};
/* End PBXGroup section */

/* Begin PBXNativeTarget section */
		B2F69F7815A3FA820073901F /* OjiPark */ = {
			isa = PBXNativeTarget;
			buildConfigurationList = B2F69F9715A3FA820073901F /* Build configuration list for PBXNativeTarget "OjiPark" */;
			buildPhases = (
				B2F69F7515A3FA820073901F /* Sources */,
				B2F69F7615A3FA820073901F /* Frameworks */,
				B2F69F7715A3FA820073901F /* Resources */,
			);
			buildRules = (
			);
			dependencies = (
			);
			name = OjiPark;
			productName = openGLwheel;
			productReference = B2F69F7915A3FA820073901F /* OjiPark.app */;
			productType = "com.apple.product-type.application";
		};
/* End PBXNativeTarget section */

/* Begin PBXProject section */
		B2F69F7015A3FA820073901F /* Project object */ = {
			isa = PBXProject;
			attributes = {
				LastUpgradeCheck = 0830;
				ORGANIZATIONNAME = "Mouse Inc.";
				TargetAttributes = {
					B2F69F7815A3FA820073901F = {
						DevelopmentTeam = DVHK5XFB6Q;
						ProvisioningStyle = Automatic;
					};
				};
			};
			buildConfigurationList = B2F69F7315A3FA820073901F /* Build configuration list for PBXProject "OjiPark" */;
			compatibilityVersion = "Xcode 3.2";
			developmentRegion = English;
			hasScannedForEncodings = 0;
			knownRegions = (
				en,
			);
			mainGroup = B2F69F6E15A3FA820073901F;
			productRefGroup = B2F69F7A15A3FA820073901F /* Products */;
			projectDirPath = "";
			projectRoot = "";
			targets = (
				B2F69F7815A3FA820073901F /* OjiPark */,
			);
		};
/* End PBXProject section */

/* Begin PBXResourcesBuildPhase section */
		B2F69F7715A3FA820073901F /* Resources */ = {
			isa = PBXResourcesBuildPhase;
			buildActionMask = 2147483647;
			files = (
				B249960416EF0C9700831523 /* Skybox.fsh in Resources */,
				B249960516EF0C9700831523 /* Skybox.vsh in Resources */,
				B2CB6F2715E74AAD00A0BA08 /* Shadow.fsh in Resources */,
				B2CB6F2815E74AAD00A0BA08 /* Shadow.vsh in Resources */,
				B2D9911515B921D00007C6CA /* Render.fsh in Resources */,
				B2D9911615B921D00007C6CA /* Render.vsh in Resources */,
				B2F69F8815A3FA820073901F /* InfoPlist.strings in Resources */,
				B2EB5EF315ABF6710064AEF0 /* tree.txt in Resources */,
				B232A22A15AD31FF00E370E8 /* base.png in Resources */,
				B232A22B15AD31FF00E370E8 /* car008.png in Resources */,
				B232A22C15AD31FF00E370E8 /* car009.png in Resources */,
				B232A22D15AD31FF00E370E8 /* car010.png in Resources */,
				B232A22E15AD31FF00E370E8 /* grass.png in Resources */,
				B253AC7915AE6BC2005CCA0D /* wheel.txt in Resources */,
				B257936915AEB89C00AE17EA /* Icon-72.png in Resources */,
				B257936A15AEB89C00AE17EA /* Icon-72@2x.png in Resources */,
				B257936B15AEB89C00AE17EA /* Icon-Small-50.png in Resources */,
				B257936C15AEB89C00AE17EA /* Icon-Small.png in Resources */,
				B257936D15AEB89C00AE17EA /* Icon-Small@2x.png in Resources */,
				B257936E15AEB89C00AE17EA /* Icon.png in Resources */,
				B257936F15AEB89C00AE17EA /* Icon@2x.png in Resources */,
				B257937015AEB89C00AE17EA /* iTunesArtwork in Resources */,
				B2D7B30015AFE53D0046EF24 /* map20120712.txt in Resources */,
				B2DAE55615CF72870019AA54 /* map20120712.mtl in Resources */,
				B2DAE55715CF72870019AA54 /* map20120712.obj in Resources */,
				B2DAE55815CF72870019AA54 /* giraffe.mtl in Resources */,
				B2DAE55915CF72870019AA54 /* giraffe.obj in Resources */,
				B2DAE55D15CF7B190019AA54 /* wheel.mtl in Resources */,
				B2DAE55E15CF7B190019AA54 /* wheel.obj in Resources */,
				B2DAE56015CF7B3D0019AA54 /* giraffe.txt in Resources */,
				B2DAE56F15CFB8C90019AA54 /* tree2.png in Resources */,
				B24409F815D33F840071CE38 /* forest144.mtl in Resources */,
				B24409F915D33F840071CE38 /* forest144.obj in Resources */,
				B24409FD15D341AA0071CE38 /* ball.mtl in Resources */,
				B24409FE15D341AA0071CE38 /* ball.obj in Resources */,
				B2440A0315D345240071CE38 /* forest288.mtl in Resources */,
				B2440A0415D345240071CE38 /* forest288.obj in Resources */,
				B2440A0515D345240071CE38 /* tree.mtl in Resources */,
				B2440A0615D345240071CE38 /* tree.obj in Resources */,
				B2440A0915D3482F0071CE38 /* tree_pretty.mtl in Resources */,
				B2440A0A15D3482F0071CE38 /* tree_pretty.obj in Resources */,
				B2124CEB15E3556000335F6F /* devoptions.txt in Resources */,
				B2124CEE15E35AF800335F6F /* llama04.jpg in Resources */,
				B2124CF115E35C8D00335F6F /* llama04.mtl in Resources */,
				B2124CF215E35C8D00335F6F /* llama04.obj in Resources */,
				B2F4072715E3D82F00651A75 /* forest288.txt in Resources */,
				B2D973EE15E65235003154B7 /* forest144.txt in Resources */,
				B2FA29E015EFB3EC001D1C9E /* doc.comments.txt in Resources */,
				B2FA29E115EFB3EC001D1C9E /* doc.config.txt in Resources */,
				B2FA29E215EFB3EC001D1C9E /* doc.shader.txt in Resources */,
				B2FBED8D16ACEF0300AB1426 /* map20130120.mtl in Resources */,
				B2FBED8E16ACEF0300AB1426 /* map20130120.obj in Resources */,
				B2FBED8F16ACEF0300AB1426 /* monkey.mtl in Resources */,
				B2FBED9016ACEF0300AB1426 /* monkey.obj in Resources */,
				B2FBED9316AD20A300AB1426 /* map20130120.txt in Resources */,
				B2D96B731ED00E4400CDAC4D /* Storyboard.storyboard in Resources */,
				B2FBED9916AD2DFD00AB1426 /* ground.jpg in Resources */,
				B2FBED9A16AD2DFD00AB1426 /* panda_wall.jpg in Resources */,
				B2FBED9B16AD2DFD00AB1426 /* rock001.jpg in Resources */,
				B2FBED9C16AD2DFD00AB1426 /* tree2_new.png in Resources */,
				B2D96B751ED0123600CDAC4D /* Launch.storyboard in Resources */,
				B2FBED9D16AD2DFD00AB1426 /* wood-fence.png in Resources */,
				B221365716B94D1A00BC9A56 /* map20130128.mtl in Resources */,
				B221365816B94D1A00BC9A56 /* map20130128.obj in Resources */,
				B221366A16B94D3000BC9A56 /* deco-house-6-02.jpg in Resources */,
				B221366B16B94D3000BC9A56 /* ground.bump.jpg in Resources */,
				B221366C16B94D3000BC9A56 /* roof01.jpg in Resources */,
				B221366D16B94D3000BC9A56 /* seal-stone-ao.jpg in Resources */,
				B221366E16B94D3000BC9A56 /* seal-stone.jpg in Resources */,
				B221366F16B94D3000BC9A56 /* stone-wall.jpg in Resources */,
				B221367016B94D3000BC9A56 /* z_big-house.jpg in Resources */,
				B221367116B94D3000BC9A56 /* z_deco_house_5.jpg in Resources */,
				B221367216B94D3000BC9A56 /* z_deco-house-6.jpg in Resources */,
				B221367316B94D3000BC9A56 /* z_owl_tree.jpg in Resources */,
				B221367416B94D3000BC9A56 /* z_panda-house.jpg in Resources */,
				B221367516B94D3000BC9A56 /* z_panda-stool_0122.png in Resources */,
				B221367616B94D3000BC9A56 /* z_panda-wall.jpg in Resources */,
				B221367716B94D3000BC9A56 /* z_tree_0122.png in Resources */,
				B221367816B94D3000BC9A56 /* z-deco-house-7.jpg in Resources */,
				B221367916B94D3000BC9A56 /* z-deco-house-9.jpg in Resources */,
				B221367A16B94D3000BC9A56 /* z-goats-house-002.jpg in Resources */,
				B221367C16B94E2A00BC9A56 /* map20130128.txt in Resources */,
				B24C7C7616D8829B00144542 /* Default-568h@2x.png in Resources */,
				B24C7C7716D8829B00144542 /* Default.png in Resources */,
				B24C7C7816D8829B00144542 /* Default@2x.png in Resources */,
				B2142EA716DA241E00BB0DC0 /* map20130224.mtl in Resources */,
				B2142EA816DA241E00BB0DC0 /* map20130224.obj in Resources */,
				B2142EA916DA241E00BB0DC0 /* map20130224.txt in Resources */,
				B2144E8716E0788E007F6523 /* tree_mm2.mtl in Resources */,
				B2144E8816E0788E007F6523 /* tree_mm2.obj in Resources */,
				B2467FEF16E1BDB900637667 /* tree_mm1.mtl in Resources */,
				B2467FF016E1BDB900637667 /* tree_mm1.obj in Resources */,
				B26DE9CB16E4B424003AAD72 /* ground.normal.jpg in Resources */,
				B249960C16EF124100831523 /* skybox_back.png in Resources */,
				B249960D16EF124100831523 /* skybox_down.png in Resources */,
				B249960E16EF124100831523 /* skybox_front.png in Resources */,
				B249960F16EF124100831523 /* skybox_left.png in Resources */,
				B249961016EF124100831523 /* skybox_right.png in Resources */,
				B249961116EF124100831523 /* skybox_top.png in Resources */,
				B229BE0E16F070210095BEF3 /* ground.pvrtc in Resources */,
				B208D11316F1AEF500FF0700 /* skybox_back.pvrtc in Resources */,
				B208D11416F1AEF500FF0700 /* skybox_down.pvrtc in Resources */,
				B208D11516F1AEF500FF0700 /* skybox_front.pvrtc in Resources */,
				B208D11616F1AEF500FF0700 /* skybox_left.pvrtc in Resources */,
				B208D11716F1AEF500FF0700 /* skybox_right.pvrtc in Resources */,
				B208D11816F1AEF500FF0700 /* skybox_top.pvrtc in Resources */,
			);
			runOnlyForDeploymentPostprocessing = 0;
		};
/* End PBXResourcesBuildPhase section */

/* Begin PBXSourcesBuildPhase section */
		B2F69F7515A3FA820073901F /* Sources */ = {
			isa = PBXSourcesBuildPhase;
			buildActionMask = 2147483647;
			files = (
				B232A21F15AD31F700E370E8 /* LSContext3D.m in Sources */,
				B232A22015AD31F700E370E8 /* LSModel3D.m in Sources */,
				B232A22115AD31F700E370E8 /* LSObject3D.m in Sources */,
				B232A22315AD31F700E370E8 /* LSViewController3D.m in Sources */,
				B253AC7615AE6137005CCA0D /* LSModel3DConf.m in Sources */,
				B2D9908A15B8F17C0007C6CA /* LSView3D.m in Sources */,
				B23893F615BB8B2D00FC0282 /* LSObject3DConf.m in Sources */,
				B2BBE36415C24FEF000A12BC /* LSAnimation3D.m in Sources */,
				B2424E6D15C7A987007F5131 /* LSModel3DSourceOBJ.m in Sources */,
				B2DE467F15D4D1DB008FE38D /* AppDelegate.m in Sources */,
				B2DE468015D4D1DB008FE38D /* main.m in Sources */,
				B2DE468415D4D297008FE38D /* MainViewController.m in Sources */,
				B2DE468E15D4E0D2008FE38D /* DeveloperModeViewController.m in Sources */,
				B2DE469615D4E415008FE38D /* ModelChoiceViewController.m in Sources */,
				B2F4705C15E67572005E7832 /* ModelViewController.m in Sources */,
				B202FC6415EA2AD7002FF7BA /* DocumentationList.m in Sources */,
				B2FA29DB15EFB264001D1C9E /* DocumentationEntry.m in Sources */,
				B2E976A416AE592F00D18099 /* LSMaterial3D.m in Sources */,
				B2E3947F16B117B1007EFD21 /* LSMaterial3DCache.m in Sources */,
				B250AEF716BE5BB400506C63 /* LSBuffer3D.m in Sources */,
				B23696C316D611190014E2B0 /* LSProgram3D.m in Sources */,
				B23696C616D6120B0014E2B0 /* LSProgram3DAttributes.m in Sources */,
				B21F85E616D787E70060C1F8 /* LSObject3DFragment.m in Sources */,
				B249960316EF0B8600831523 /* NSExtensions.m in Sources */,
			);
			runOnlyForDeploymentPostprocessing = 0;
		};
/* End PBXSourcesBuildPhase section */

/* Begin PBXVariantGroup section */
		B2F69F8615A3FA820073901F /* InfoPlist.strings */ = {
			isa = PBXVariantGroup;
			children = (
				B2F69F8715A3FA820073901F /* en */,
			);
			name = InfoPlist.strings;
			sourceTree = "<group>";
		};
/* End PBXVariantGroup section */

/* Begin XCBuildConfiguration section */
		B2F69F9515A3FA820073901F /* Debug */ = {
			isa = XCBuildConfiguration;
			buildSettings = {
				ALWAYS_SEARCH_USER_PATHS = NO;
				CLANG_ENABLE_OBJC_ARC = YES;
				CLANG_WARN_BOOL_CONVERSION = YES;
				CLANG_WARN_CONSTANT_CONVERSION = YES;
				CLANG_WARN_EMPTY_BODY = YES;
				CLANG_WARN_ENUM_CONVERSION = YES;
				CLANG_WARN_INFINITE_RECURSION = YES;
				CLANG_WARN_INT_CONVERSION = YES;
				CLANG_WARN_SUSPICIOUS_MOVE = YES;
				CLANG_WARN_UNREACHABLE_CODE = YES;
				CLANG_WARN__DUPLICATE_METHOD_MATCH = YES;
				"CODE_SIGN_IDENTITY[sdk=iphoneos*]" = "iPhone Developer: Nobuyuki Yamasaki (2JT3XGNVN6)";
				COPY_PHASE_STRIP = NO;
				ENABLE_STRICT_OBJC_MSGSEND = YES;
				ENABLE_TESTABILITY = YES;
				GCC_C_LANGUAGE_STANDARD = gnu99;
				GCC_DYNAMIC_NO_PIC = NO;
				GCC_NO_COMMON_BLOCKS = YES;
				GCC_OPTIMIZATION_LEVEL = 0;
				GCC_PREPROCESSOR_DEFINITIONS = (
					"DEBUG=1",
					"$(inherited)",
				);
				GCC_SYMBOLS_PRIVATE_EXTERN = NO;
				GCC_VERSION = com.apple.compilers.llvm.clang.1_0;
				GCC_WARN_64_TO_32_BIT_CONVERSION = YES;
				GCC_WARN_ABOUT_RETURN_TYPE = YES;
				GCC_WARN_UNDECLARED_SELECTOR = YES;
				GCC_WARN_UNINITIALIZED_AUTOS = YES;
				GCC_WARN_UNUSED_FUNCTION = YES;
				GCC_WARN_UNUSED_VARIABLE = YES;
				IPHONEOS_DEPLOYMENT_TARGET = 10.3;
				ONLY_ACTIVE_ARCH = YES;
				"PROVISIONING_PROFILE[sdk=iphoneos*]" = "00C8068D-CE02-4DF2-AB19-5BF2079C30FF";
				RUN_CLANG_STATIC_ANALYZER = YES;
				SDKROOT = iphoneos;
			};
			name = Debug;
		};
		B2F69F9615A3FA820073901F /* Release */ = {
			isa = XCBuildConfiguration;
			buildSettings = {
				ALWAYS_SEARCH_USER_PATHS = NO;
				CLANG_ENABLE_OBJC_ARC = YES;
				CLANG_WARN_BOOL_CONVERSION = YES;
				CLANG_WARN_CONSTANT_CONVERSION = YES;
				CLANG_WARN_EMPTY_BODY = YES;
				CLANG_WARN_ENUM_CONVERSION = YES;
				CLANG_WARN_INFINITE_RECURSION = YES;
				CLANG_WARN_INT_CONVERSION = YES;
				CLANG_WARN_SUSPICIOUS_MOVE = YES;
				CLANG_WARN_UNREACHABLE_CODE = YES;
				CLANG_WARN__DUPLICATE_METHOD_MATCH = YES;
				"CODE_SIGN_IDENTITY[sdk=iphoneos*]" = "iPhone Distribution: Lukasz Sowinski";
				COPY_PHASE_STRIP = YES;
				ENABLE_STRICT_OBJC_MSGSEND = YES;
				GCC_C_LANGUAGE_STANDARD = gnu99;
				GCC_NO_COMMON_BLOCKS = YES;
				GCC_VERSION = com.apple.compilers.llvm.clang.1_0;
				GCC_WARN_64_TO_32_BIT_CONVERSION = YES;
				GCC_WARN_ABOUT_RETURN_TYPE = YES;
				GCC_WARN_UNDECLARED_SELECTOR = YES;
				GCC_WARN_UNINITIALIZED_AUTOS = YES;
				GCC_WARN_UNUSED_FUNCTION = YES;
				GCC_WARN_UNUSED_VARIABLE = YES;
				IPHONEOS_DEPLOYMENT_TARGET = 10.3;
				OTHER_CFLAGS = "-DNS_BLOCK_ASSERTIONS=1";
				"PROVISIONING_PROFILE[sdk=iphoneos*]" = "B5321F3F-DD49-4BAC-9BAD-A6A774342E3D";
				RUN_CLANG_STATIC_ANALYZER = YES;
				SDKROOT = iphoneos;
				VALIDATE_PRODUCT = YES;
			};
			name = Release;
		};
		B2F69F9815A3FA820073901F /* Debug */ = {
			isa = XCBuildConfiguration;
			buildSettings = {
				"CODE_SIGN_IDENTITY[sdk=iphoneos*]" = "iPhone Developer";
				DEVELOPMENT_TEAM = DVHK5XFB6Q;
				GCC_PRECOMPILE_PREFIX_HEADER = YES;
				GCC_PREFIX_HEADER = "OjiPark/OjiPark-Prefix.pch";
				INFOPLIST_FILE = "OjiPark/OjiPark-Info.plist";
				IPHONEOS_DEPLOYMENT_TARGET = 10.3;
				PRODUCT_BUNDLE_IDENTIFIER = "en.gosen.niman.${PRODUCT_NAME:rfc1034identifier}";
				PRODUCT_NAME = OjiPark;
				"PROVISIONING_PROFILE[sdk=iphoneos*]" = "";
				PROVISIONING_PROFILE_SPECIFIER = "";
				TARGETED_DEVICE_FAMILY = "1,2";
				WRAPPER_EXTENSION = app;
			};
			name = Debug;
		};
		B2F69F9915A3FA820073901F /* Release */ = {
			isa = XCBuildConfiguration;
			buildSettings = {
				"CODE_SIGN_IDENTITY[sdk=iphoneos*]" = "iPhone Developer";
				DEVELOPMENT_TEAM = DVHK5XFB6Q;
				GCC_PRECOMPILE_PREFIX_HEADER = YES;
				GCC_PREFIX_HEADER = "OjiPark/OjiPark-Prefix.pch";
				INFOPLIST_FILE = "OjiPark/OjiPark-Info.plist";
				IPHONEOS_DEPLOYMENT_TARGET = 10.3;
				PRODUCT_BUNDLE_IDENTIFIER = "en.gosen.niman.${PRODUCT_NAME:rfc1034identifier}";
				PRODUCT_NAME = OjiPark;
				"PROVISIONING_PROFILE[sdk=iphoneos*]" = "";
				PROVISIONING_PROFILE_SPECIFIER = "";
				TARGETED_DEVICE_FAMILY = "1,2";
				WRAPPER_EXTENSION = app;
			};
			name = Release;
		};
/* End XCBuildConfiguration section */

/* Begin XCConfigurationList section */
		B2F69F7315A3FA820073901F /* Build configuration list for PBXProject "OjiPark" */ = {
			isa = XCConfigurationList;
			buildConfigurations = (
				B2F69F9515A3FA820073901F /* Debug */,
				B2F69F9615A3FA820073901F /* Release */,
			);
			defaultConfigurationIsVisible = 0;
			defaultConfigurationName = Release;
		};
		B2F69F9715A3FA820073901F /* Build configuration list for PBXNativeTarget "OjiPark" */ = {
			isa = XCConfigurationList;
			buildConfigurations = (
				B2F69F9815A3FA820073901F /* Debug */,
				B2F69F9915A3FA820073901F /* Release */,
			);
			defaultConfigurationIsVisible = 0;
			defaultConfigurationName = Release;
		};
/* End XCConfigurationList section */
	};
	rootObject = B2F69F7015A3FA820073901F /* Project object */;
}
